
Microsoft Visual Studio Solution File, Format Version 12.00
# Visual Studio Version 16
VisualStudioVersion = 16.0.29503.13
MinimumVisualStudioVersion = 10.0.40219.1
Project("{8BC9CEB8-8B4A-11D0-8D11-00A0C91BC942}") = "SProLab8Var9", "SProLab8Var9.vcxproj", "{56A540AE-7D0E-4D30-848F-5200810FCDCB}"
EndProject
Global
	GlobalSection(SolutionConfigurationPlatforms) = preSolution
		Debug|x64 = Debug|x64
		Debug|x86 = Debug|x86
		Release|x64 = Release|x64
		Release|x86 = Release|x86
	EndGlobalSection
	GlobalSection(ProjectConfigurationPlatforms) = postSolution
		{56A540AE-7D0E-4D30-848F-5200810FCDCB}.Debug|x64.ActiveCfg = Debug|x64
		{56A540AE-7D0E-4D30-848F-5200810FCDCB}.Debug|x64.Build.0 = Debug|x64
		{56A540AE-7D0E-4D30-848F-5200810FCDCB}.Debug|x86.ActiveCfg = Debug|Win32
		{56A540AE-7D0E-4D30-848F-5200810FCDCB}.Debug|x86.Build.0 = Debug|Win32
		{56A540AE-7D0E-4D30-848F-5200810FCDCB}.Release|x64.ActiveCfg = Release|x64
		{56A540AE-7D0E-4D30-848F-5200810FCDCB}.Release|x64.Build.0 = Release|x64
		{56A540AE-7D0E-4D30-848F-5200810FCDCB}.Release|x86.ActiveCfg = Release|Win32
		{56A540AE-7D0E-4D30-848F-5200810FCDCB}.Release|x86.Build.0 = Release|Win32
	EndGlobalSection
	GlobalSection(SolutionProperties) = preSolution
		HideSolutionNode = FALSE
	EndGlobalSection
	GlobalSection(ExtensibilityGlobals) = postSolution
		SolutionGuid = {40FD1270-989C-4908-9CEB-3F9113FCB8E1}
	EndGlobalSection
EndGlobal
